
Microsoft Visual Studio Solution File, Format Version 12.00
# Visual Studio Version 16
VisualStudioVersion = 16.0.31019.35
MinimumVisualStudioVersion = 10.0.40219.1
Project("{9A19103F-16F7-4668-BE54-9A1E7A4F7556}") = "BookingApp", "BookingApp\BookingApp.csproj", "{70A84698-7E15-44EE-9D99-B6C52D0B6668}"
EndProject
Project("{2150E333-8FDC-42A3-9474-1A3956D46DE8}") = "Core", "Core", "{9138A167-46E0-4BB8-86C3-9416D5118858}"
EndProject
Project("{2150E333-8FDC-42A3-9474-1A3956D46DE8}") = "Presentation", "Presentation", "{158C0D18-BDE3-4885-800D-1A2589ADAE91}"
EndProject
Project("{2150E333-8FDC-42A3-9474-1A3956D46DE8}") = "Tests", "Tests", "{D6774D8F-5C0A-45DB-AAE7-D24D64CCCA61}"
EndProject
Project("{9A19103F-16F7-4668-BE54-9A1E7A4F7556}") = "QC.Tests", "BookingApp\QC.Tests\QC.Tests.csproj", "{1136457D-B7C7-42F2-9733-2D40709B41A8}"
EndProject
Project("{FAE04EC0-301F-11D3-BF4B-00C04F79EFBC}") = "Data", "Data\Data.csproj", "{59E1CD37-CAC9-480E-AD1B-867A74874D64}"
EndProject
Project("{FAE04EC0-301F-11D3-BF4B-00C04F79EFBC}") = "Resources", "Resources\Resources.csproj", "{4B355093-F531-4311-82DF-48D33FE03530}"
EndProject
Project("{FAE04EC0-301F-11D3-BF4B-00C04F79EFBC}") = "DataAccess", "DataAccess\DataAccess.csproj", "{A82EDD4C-4342-48E6-B9C3-1B02A05BFFA2}"
EndProject
Project("{FAE04EC0-301F-11D3-BF4B-00C04F79EFBC}") = "Domain", "Domain\Domain.csproj", "{570FC541-0684-49EA-9A01-C45D02EF1F43}"
EndProject
Project("{FAE04EC0-301F-11D3-BF4B-00C04F79EFBC}") = "Repositories", "Repositories\Repositories.csproj", "{D228D702-6A5A-4195-B2FA-F9142095BD6B}"
EndProject
Global
	GlobalSection(SolutionConfigurationPlatforms) = preSolution
		Debug|Any CPU = Debug|Any CPU
		Release|Any CPU = Release|Any CPU
	EndGlobalSection
	GlobalSection(ProjectConfigurationPlatforms) = postSolution
		{70A84698-7E15-44EE-9D99-B6C52D0B6668}.Debug|Any CPU.ActiveCfg = Debug|Any CPU
		{70A84698-7E15-44EE-9D99-B6C52D0B6668}.Debug|Any CPU.Build.0 = Debug|Any CPU
		{70A84698-7E15-44EE-9D99-B6C52D0B6668}.Release|Any CPU.ActiveCfg = Release|Any CPU
		{70A84698-7E15-44EE-9D99-B6C52D0B6668}.Release|Any CPU.Build.0 = Release|Any CPU
		{1136457D-B7C7-42F2-9733-2D40709B41A8}.Debug|Any CPU.ActiveCfg = Debug|Any CPU
		{1136457D-B7C7-42F2-9733-2D40709B41A8}.Debug|Any CPU.Build.0 = Debug|Any CPU
		{1136457D-B7C7-42F2-9733-2D40709B41A8}.Release|Any CPU.ActiveCfg = Release|Any CPU
		{1136457D-B7C7-42F2-9733-2D40709B41A8}.Release|Any CPU.Build.0 = Release|Any CPU
		{59E1CD37-CAC9-480E-AD1B-867A74874D64}.Debug|Any CPU.ActiveCfg = Debug|Any CPU
		{59E1CD37-CAC9-480E-AD1B-867A74874D64}.Debug|Any CPU.Build.0 = Debug|Any CPU
		{59E1CD37-CAC9-480E-AD1B-867A74874D64}.Release|Any CPU.ActiveCfg = Release|Any CPU
		{59E1CD37-CAC9-480E-AD1B-867A74874D64}.Release|Any CPU.Build.0 = Release|Any CPU
		{4B355093-F531-4311-82DF-48D33FE03530}.Debug|Any CPU.ActiveCfg = Debug|Any CPU
		{4B355093-F531-4311-82DF-48D33FE03530}.Debug|Any CPU.Build.0 = Debug|Any CPU
		{4B355093-F531-4311-82DF-48D33FE03530}.Release|Any CPU.ActiveCfg = Release|Any CPU
		{4B355093-F531-4311-82DF-48D33FE03530}.Release|Any CPU.Build.0 = Release|Any CPU
		{A82EDD4C-4342-48E6-B9C3-1B02A05BFFA2}.Debug|Any CPU.ActiveCfg = Debug|Any CPU
		{A82EDD4C-4342-48E6-B9C3-1B02A05BFFA2}.Debug|Any CPU.Build.0 = Debug|Any CPU
		{A82EDD4C-4342-48E6-B9C3-1B02A05BFFA2}.Release|Any CPU.ActiveCfg = Release|Any CPU
		{A82EDD4C-4342-48E6-B9C3-1B02A05BFFA2}.Release|Any CPU.Build.0 = Release|Any CPU
		{570FC541-0684-49EA-9A01-C45D02EF1F43}.Debug|Any CPU.ActiveCfg = Debug|Any CPU
		{570FC541-0684-49EA-9A01-C45D02EF1F43}.Debug|Any CPU.Build.0 = Debug|Any CPU
		{570FC541-0684-49EA-9A01-C45D02EF1F43}.Release|Any CPU.ActiveCfg = Release|Any CPU
		{570FC541-0684-49EA-9A01-C45D02EF1F43}.Release|Any CPU.Build.0 = Release|Any CPU
		{D228D702-6A5A-4195-B2FA-F9142095BD6B}.Debug|Any CPU.ActiveCfg = Debug|Any CPU
		{D228D702-6A5A-4195-B2FA-F9142095BD6B}.Debug|Any CPU.Build.0 = Debug|Any CPU
		{D228D702-6A5A-4195-B2FA-F9142095BD6B}.Release|Any CPU.ActiveCfg = Release|Any CPU
		{D228D702-6A5A-4195-B2FA-F9142095BD6B}.Release|Any CPU.Build.0 = Release|Any CPU
	EndGlobalSection
	GlobalSection(SolutionProperties) = preSolution
		HideSolutionNode = FALSE
	EndGlobalSection
	GlobalSection(NestedProjects) = preSolution
		{70A84698-7E15-44EE-9D99-B6C52D0B6668} = {158C0D18-BDE3-4885-800D-1A2589ADAE91}
		{1136457D-B7C7-42F2-9733-2D40709B41A8} = {D6774D8F-5C0A-45DB-AAE7-D24D64CCCA61}
		{59E1CD37-CAC9-480E-AD1B-867A74874D64} = {9138A167-46E0-4BB8-86C3-9416D5118858}
		{4B355093-F531-4311-82DF-48D33FE03530} = {9138A167-46E0-4BB8-86C3-9416D5118858}
		{A82EDD4C-4342-48E6-B9C3-1B02A05BFFA2} = {9138A167-46E0-4BB8-86C3-9416D5118858}
		{570FC541-0684-49EA-9A01-C45D02EF1F43} = {9138A167-46E0-4BB8-86C3-9416D5118858}
		{D228D702-6A5A-4195-B2FA-F9142095BD6B} = {9138A167-46E0-4BB8-86C3-9416D5118858}
	EndGlobalSection
	GlobalSection(ExtensibilityGlobals) = postSolution
		SolutionGuid = {05A5DC2B-8721-4AFB-AB86-F5221C92F597}
	EndGlobalSection
EndGlobal
