
Microsoft Visual Studio Solution File, Format Version 12.00
# Visual Studio Version 16
VisualStudioVersion = 16.0.31019.35
MinimumVisualStudioVersion = 10.0.40219.1
Project("{FAE04EC0-301F-11D3-BF4B-00C04F79EFBC}") = "BookingApp", "BookingApp\BookingApp.csproj", "{70A84698-7E15-44EE-9D99-B6C52D0B6668}"
EndProject
Project("{2150E333-8FDC-42A3-9474-1A3956D46DE8}") = "Core", "Core", "{9138A167-46E0-4BB8-86C3-9416D5118858}"
EndProject
Project("{2150E333-8FDC-42A3-9474-1A3956D46DE8}") = "Presentation", "Presentation", "{158C0D18-BDE3-4885-800D-1A2589ADAE91}"
EndProject
Project("{2150E333-8FDC-42A3-9474-1A3956D46DE8}") = "Tests", "Tests", "{D6774D8F-5C0A-45DB-AAE7-D24D64CCCA61}"
EndProject
Project("{9A19103F-16F7-4668-BE54-9A1E7A4F7556}") = "Data", "BookingApp\Data\Data.csproj", "{5273110C-0593-4BFF-89DB-FA527A52F5E4}"
EndProject
Project("{9A19103F-16F7-4668-BE54-9A1E7A4F7556}") = "DataAccess", "BookingApp\DataAccess\DataAccess.csproj", "{F8F473A6-68D8-4854-841B-C586E53D2CF8}"
EndProject
Project("{9A19103F-16F7-4668-BE54-9A1E7A4F7556}") = "Domain", "BookingApp\Domain\Domain.csproj", "{A9691A86-9A30-46EE-9DD4-610CAA1600E4}"
EndProject
Project("{9A19103F-16F7-4668-BE54-9A1E7A4F7556}") = "Identity", "BookingApp\Identity\Identity.csproj", "{F6351252-C10C-4A83-A522-0FCB31CFC403}"
EndProject
Project("{9A19103F-16F7-4668-BE54-9A1E7A4F7556}") = "Repositories", "BookingApp\Repositories\Repositories.csproj", "{556D56EA-80FE-4A0A-B389-E2D41749DF39}"
EndProject
Project("{9A19103F-16F7-4668-BE54-9A1E7A4F7556}") = "Services", "BookingApp\Services\Services.csproj", "{9C28EB2A-E53B-48DD-9CA6-E62635007B2B}"
EndProject
Project("{9A19103F-16F7-4668-BE54-9A1E7A4F7556}") = "GlobalResources", "BookingApp\GlobalResources\GlobalResources.csproj", "{3BB3CE5C-53C9-4E76-BC5C-1984D7B92FC0}"
EndProject
Project("{9A19103F-16F7-4668-BE54-9A1E7A4F7556}") = "QC.Tests", "BookingApp\QC.Tests\QC.Tests.csproj", "{1136457D-B7C7-42F2-9733-2D40709B41A8}"
EndProject
Global
	GlobalSection(SolutionConfigurationPlatforms) = preSolution
		Debug|Any CPU = Debug|Any CPU
		Release|Any CPU = Release|Any CPU
	EndGlobalSection
	GlobalSection(ProjectConfigurationPlatforms) = postSolution
		{70A84698-7E15-44EE-9D99-B6C52D0B6668}.Debug|Any CPU.ActiveCfg = Debug|Any CPU
		{70A84698-7E15-44EE-9D99-B6C52D0B6668}.Debug|Any CPU.Build.0 = Debug|Any CPU
		{70A84698-7E15-44EE-9D99-B6C52D0B6668}.Release|Any CPU.ActiveCfg = Release|Any CPU
		{70A84698-7E15-44EE-9D99-B6C52D0B6668}.Release|Any CPU.Build.0 = Release|Any CPU
		{5273110C-0593-4BFF-89DB-FA527A52F5E4}.Debug|Any CPU.ActiveCfg = Debug|Any CPU
		{5273110C-0593-4BFF-89DB-FA527A52F5E4}.Debug|Any CPU.Build.0 = Debug|Any CPU
		{5273110C-0593-4BFF-89DB-FA527A52F5E4}.Release|Any CPU.ActiveCfg = Release|Any CPU
		{5273110C-0593-4BFF-89DB-FA527A52F5E4}.Release|Any CPU.Build.0 = Release|Any CPU
		{F8F473A6-68D8-4854-841B-C586E53D2CF8}.Debug|Any CPU.ActiveCfg = Debug|Any CPU
		{F8F473A6-68D8-4854-841B-C586E53D2CF8}.Debug|Any CPU.Build.0 = Debug|Any CPU
		{F8F473A6-68D8-4854-841B-C586E53D2CF8}.Release|Any CPU.ActiveCfg = Release|Any CPU
		{F8F473A6-68D8-4854-841B-C586E53D2CF8}.Release|Any CPU.Build.0 = Release|Any CPU
		{A9691A86-9A30-46EE-9DD4-610CAA1600E4}.Debug|Any CPU.ActiveCfg = Debug|Any CPU
		{A9691A86-9A30-46EE-9DD4-610CAA1600E4}.Debug|Any CPU.Build.0 = Debug|Any CPU
		{A9691A86-9A30-46EE-9DD4-610CAA1600E4}.Release|Any CPU.ActiveCfg = Release|Any CPU
		{A9691A86-9A30-46EE-9DD4-610CAA1600E4}.Release|Any CPU.Build.0 = Release|Any CPU
		{F6351252-C10C-4A83-A522-0FCB31CFC403}.Debug|Any CPU.ActiveCfg = Debug|Any CPU
		{F6351252-C10C-4A83-A522-0FCB31CFC403}.Debug|Any CPU.Build.0 = Debug|Any CPU
		{F6351252-C10C-4A83-A522-0FCB31CFC403}.Release|Any CPU.ActiveCfg = Release|Any CPU
		{F6351252-C10C-4A83-A522-0FCB31CFC403}.Release|Any CPU.Build.0 = Release|Any CPU
		{556D56EA-80FE-4A0A-B389-E2D41749DF39}.Debug|Any CPU.ActiveCfg = Debug|Any CPU
		{556D56EA-80FE-4A0A-B389-E2D41749DF39}.Debug|Any CPU.Build.0 = Debug|Any CPU
		{556D56EA-80FE-4A0A-B389-E2D41749DF39}.Release|Any CPU.ActiveCfg = Release|Any CPU
		{556D56EA-80FE-4A0A-B389-E2D41749DF39}.Release|Any CPU.Build.0 = Release|Any CPU
		{9C28EB2A-E53B-48DD-9CA6-E62635007B2B}.Debug|Any CPU.ActiveCfg = Debug|Any CPU
		{9C28EB2A-E53B-48DD-9CA6-E62635007B2B}.Debug|Any CPU.Build.0 = Debug|Any CPU
		{9C28EB2A-E53B-48DD-9CA6-E62635007B2B}.Release|Any CPU.ActiveCfg = Release|Any CPU
		{9C28EB2A-E53B-48DD-9CA6-E62635007B2B}.Release|Any CPU.Build.0 = Release|Any CPU
		{3BB3CE5C-53C9-4E76-BC5C-1984D7B92FC0}.Debug|Any CPU.ActiveCfg = Debug|Any CPU
		{3BB3CE5C-53C9-4E76-BC5C-1984D7B92FC0}.Debug|Any CPU.Build.0 = Debug|Any CPU
		{3BB3CE5C-53C9-4E76-BC5C-1984D7B92FC0}.Release|Any CPU.ActiveCfg = Release|Any CPU
		{3BB3CE5C-53C9-4E76-BC5C-1984D7B92FC0}.Release|Any CPU.Build.0 = Release|Any CPU
		{1136457D-B7C7-42F2-9733-2D40709B41A8}.Debug|Any CPU.ActiveCfg = Debug|Any CPU
		{1136457D-B7C7-42F2-9733-2D40709B41A8}.Debug|Any CPU.Build.0 = Debug|Any CPU
		{1136457D-B7C7-42F2-9733-2D40709B41A8}.Release|Any CPU.ActiveCfg = Release|Any CPU
		{1136457D-B7C7-42F2-9733-2D40709B41A8}.Release|Any CPU.Build.0 = Release|Any CPU
	EndGlobalSection
	GlobalSection(SolutionProperties) = preSolution
		HideSolutionNode = FALSE
	EndGlobalSection
	GlobalSection(NestedProjects) = preSolution
		{70A84698-7E15-44EE-9D99-B6C52D0B6668} = {158C0D18-BDE3-4885-800D-1A2589ADAE91}
		{5273110C-0593-4BFF-89DB-FA527A52F5E4} = {9138A167-46E0-4BB8-86C3-9416D5118858}
		{F8F473A6-68D8-4854-841B-C586E53D2CF8} = {9138A167-46E0-4BB8-86C3-9416D5118858}
		{A9691A86-9A30-46EE-9DD4-610CAA1600E4} = {9138A167-46E0-4BB8-86C3-9416D5118858}
		{F6351252-C10C-4A83-A522-0FCB31CFC403} = {9138A167-46E0-4BB8-86C3-9416D5118858}
		{556D56EA-80FE-4A0A-B389-E2D41749DF39} = {9138A167-46E0-4BB8-86C3-9416D5118858}
		{9C28EB2A-E53B-48DD-9CA6-E62635007B2B} = {9138A167-46E0-4BB8-86C3-9416D5118858}
		{3BB3CE5C-53C9-4E76-BC5C-1984D7B92FC0} = {9138A167-46E0-4BB8-86C3-9416D5118858}
		{1136457D-B7C7-42F2-9733-2D40709B41A8} = {D6774D8F-5C0A-45DB-AAE7-D24D64CCCA61}
	EndGlobalSection
	GlobalSection(ExtensibilityGlobals) = postSolution
		SolutionGuid = {05A5DC2B-8721-4AFB-AB86-F5221C92F597}
	EndGlobalSection
EndGlobal
